dependencies:
- name: ui
  repository: ""
  version: ~0.1.0
- name: auth
  repository: ""
  version: ~0.1.0
- name: users
  repository: ""
  version: ~0.1.0
- name: billing
  repository: ""
  version: ~0.1.0
- name: deeplinks
  repository: ""
  version: ~0.1.0
- name: events
  repository: ""
  version: ~0.1.0
- name: stats
  repository: ""
  version: ~0.1.0
- name: statsaggregator
  repository: ""
  version: ~0.1.0
- name: revenue
  repository: ""
  version: ~0.1.0
- name: postgresql
  repository: https://charts.bitnami.com/bitnami
  version: 10.9.5
- name: kafka
  repository: https://charts.bitnami.com/bitnami
  version: 14.1.0
- name: ksqldb
  repository: ""
  version: ~0.1.0
- name: cassandra
  repository: https://charts.bitnami.com/bitnami
  version: 8.0.4
digest: sha256:e6a7ecf91b0be85ad5987589d2b8134218d7ad1e475a3a7632d8ae255ae78cf3
generated: "2021-09-15T18:07:01.415802+03:00"
